
Microsoft Visual Studio Solution File, Format Version 12.00
# Visual Studio 2015
Project("{FAE04EC0-301F-11D3-BF4B-00C04F79EFBC}") = "Beat Them All.CSharp", "Beat Them All.CSharp.csproj", "{0A24C38D-D8EE-15FD-2FCA-3E2BD011F289}"
EndProject
Project("{FAE04EC0-301F-11D3-BF4B-00C04F79EFBC}") = "Beat Them All.CSharp.Editor", "Beat Them All.CSharp.Editor.csproj", "{97F21662-D6F9-FF3F-7D4B-F9D897A23D20}"
EndProject
Global
	GlobalSection(SolutionConfigurationPlatforms) = preSolution
		Debug|Any CPU = Debug|Any CPU
		Release|Any CPU = Release|Any CPU
	EndGlobalSection
	GlobalSection(ProjectConfigurationPlatforms) = postSolution
		{0A24C38D-D8EE-15FD-2FCA-3E2BD011F289}.Debug|Any CPU.ActiveCfg = Debug|Any CPU
		{0A24C38D-D8EE-15FD-2FCA-3E2BD011F289}.Debug|Any CPU.Build.0 = Debug|Any CPU
		{0A24C38D-D8EE-15FD-2FCA-3E2BD011F289}.Release|Any CPU.ActiveCfg = Release|Any CPU
		{0A24C38D-D8EE-15FD-2FCA-3E2BD011F289}.Release|Any CPU.Build.0 = Release|Any CPU
		{97F21662-D6F9-FF3F-7D4B-F9D897A23D20}.Debug|Any CPU.ActiveCfg = Debug|Any CPU
		{97F21662-D6F9-FF3F-7D4B-F9D897A23D20}.Debug|Any CPU.Build.0 = Debug|Any CPU
		{97F21662-D6F9-FF3F-7D4B-F9D897A23D20}.Release|Any CPU.ActiveCfg = Release|Any CPU
		{97F21662-D6F9-FF3F-7D4B-F9D897A23D20}.Release|Any CPU.Build.0 = Release|Any CPU
	EndGlobalSection
	GlobalSection(SolutionProperties) = preSolution
		HideSolutionNode = FALSE
	EndGlobalSection
EndGlobal
