
Microsoft Visual Studio Solution File, Format Version 12.00
# Visual Studio 2015
Project("{FAE04EC0-301F-11D3-BF4B-00C04F79EFBC}") = "BeatemAll.CSharp", "BeatemAll.CSharp.csproj", "{AD25571F-0F32-AE3E-8C11-6EAEF0ACD499}"
EndProject
Global
	GlobalSection(SolutionConfigurationPlatforms) = preSolution
		Debug|Any CPU = Debug|Any CPU
		Release|Any CPU = Release|Any CPU
	EndGlobalSection
	GlobalSection(ProjectConfigurationPlatforms) = postSolution
		{AD25571F-0F32-AE3E-8C11-6EAEF0ACD499}.Debug|Any CPU.ActiveCfg = Debug|Any CPU
		{AD25571F-0F32-AE3E-8C11-6EAEF0ACD499}.Debug|Any CPU.Build.0 = Debug|Any CPU
		{AD25571F-0F32-AE3E-8C11-6EAEF0ACD499}.Release|Any CPU.ActiveCfg = Release|Any CPU
		{AD25571F-0F32-AE3E-8C11-6EAEF0ACD499}.Release|Any CPU.Build.0 = Release|Any CPU
	EndGlobalSection
	GlobalSection(SolutionProperties) = preSolution
		HideSolutionNode = FALSE
	EndGlobalSection
EndGlobal
